
Microsoft Visual Studio Solution File, Format Version 11.00
# Visual Studio 2010
Project("{FAE04EC0-301F-11D3-BF4B-00C04F79EFBC}") = "MazeRotate", "Assembly-CSharp.csproj", "{DD79E26D-F7B0-AF0C-D3A4-D3531FB60FAE}"
EndProject
Global
	GlobalSection(SolutionConfigurationPlatforms) = preSolution
		Debug|Any CPU = Debug|Any CPU
		Release|Any CPU = Release|Any CPU
	EndGlobalSection
	GlobalSection(ProjectConfigurationPlatforms) = postSolution
		{DD79E26D-F7B0-AF0C-D3A4-D3531FB60FAE}.Debug|Any CPU.ActiveCfg = Debug|Any CPU
		{DD79E26D-F7B0-AF0C-D3A4-D3531FB60FAE}.Debug|Any CPU.Build.0 = Debug|Any CPU
		{DD79E26D-F7B0-AF0C-D3A4-D3531FB60FAE}.Release|Any CPU.ActiveCfg = Release|Any CPU
		{DD79E26D-F7B0-AF0C-D3A4-D3531FB60FAE}.Release|Any CPU.Build.0 = Release|Any CPU
	EndGlobalSection
	GlobalSection(SolutionProperties) = preSolution
		HideSolutionNode = FALSE
	EndGlobalSection
	GlobalSection(MonoDevelopProperties) = preSolution
		StartupItem = Assembly-CSharp.csproj
	EndGlobalSection
EndGlobal
